
Microsoft Visual Studio Solution File, Format Version 12.00
# Visual Studio 15
VisualStudioVersion = 15.0.27428.2037
MinimumVisualStudioVersion = 10.0.40219.1
Project("{FAE04EC0-301F-11D3-BF4B-00C04F79EFBC}") = "dolquest", "dolquest\dolquest.csproj", "{EC25E9E5-535A-423E-98EC-1684B5B69C9C}"
EndProject
Project("{2150E333-8FDC-42A3-9474-1A3956D46DE8}") = "Solution Items", "Solution Items", "{4935DA52-4BA1-49AF-942E-57E12308A5B8}"
	ProjectSection(SolutionItems) = preProject
		README.md = README.md
	EndProjectSection
EndProject
Global
	GlobalSection(SolutionConfigurationPlatforms) = preSolution
		Debug|Any CPU = Debug|Any CPU
		Release|Any CPU = Release|Any CPU
	EndGlobalSection
	GlobalSection(ProjectConfigurationPlatforms) = postSolution
		{EC25E9E5-535A-423E-98EC-1684B5B69C9C}.Debug|Any CPU.ActiveCfg = Debug|Any CPU
		{EC25E9E5-535A-423E-98EC-1684B5B69C9C}.Debug|Any CPU.Build.0 = Debug|Any CPU
		{EC25E9E5-535A-423E-98EC-1684B5B69C9C}.Release|Any CPU.ActiveCfg = Release|Any CPU
		{EC25E9E5-535A-423E-98EC-1684B5B69C9C}.Release|Any CPU.Build.0 = Release|Any CPU
	EndGlobalSection
	GlobalSection(SolutionProperties) = preSolution
		HideSolutionNode = FALSE
	EndGlobalSection
	GlobalSection(ExtensibilityGlobals) = postSolution
		SolutionGuid = {2308258E-9376-4A00-937B-C1005FA28C30}
	EndGlobalSection
EndGlobal
